Microsoft Visual Studio Solution File, Format Version 12.00
# Visual Studio Version 17
VisualStudioVersion = 17.0.31903.59
MinimumVisualStudioVersion = 10.0.40219.1
Project("{2150E333-8FDC-42A3-9474-1A3956D46DE8}") = "src", "src", "{40674C77-EDC5-442D-949D-67D98117373D}"
EndProject
Project("{FAE04EC0-301F-11D3-BF4B-00C04F79EFBC}") = "GedProvisioner.Core", "src\GedProvisioner.Core\GedProvisioner.Core.csproj", "{049CC971-66F1-41DF-8F46-0FA43C195D54}"
EndProject
Project("{FAE04EC0-301F-11D3-BF4B-00C04F79EFBC}") = "GedProvisioner", "src\GedProvisioner\GedProvisioner.csproj", "{43A3990C-5482-4DEF-A46C-262C1AEECB3D}"
EndProject
Global
        GlobalSection(SolutionConfigurationPlatforms) = preSolution
                Debug|Any CPU = Debug|Any CPU
                Release|Any CPU = Release|Any CPU
        EndGlobalSection
        GlobalSection(SolutionProperties) = preSolution
                HideSolutionNode = FALSE
        EndGlobalSection
        GlobalSection(ProjectConfigurationPlatforms) = postSolution
                {049CC971-66F1-41DF-8F46-0FA43C195D54}.Debug|Any CPU.ActiveCfg = Debug|Any CPU
                {049CC971-66F1-41DF-8F46-0FA43C195D54}.Debug|Any CPU.Build.0 = Debug|Any CPU
                {049CC971-66F1-41DF-8F46-0FA43C195D54}.Release|Any CPU.ActiveCfg = Release|Any CPU
                {049CC971-66F1-41DF-8F46-0FA43C195D54}.Release|Any CPU.Build.0 = Release|Any CPU
                {43A3990C-5482-4DEF-A46C-262C1AEECB3D}.Debug|Any CPU.ActiveCfg = Debug|Any CPU
                {43A3990C-5482-4DEF-A46C-262C1AEECB3D}.Debug|Any CPU.Build.0 = Debug|Any CPU
                {43A3990C-5482-4DEF-A46C-262C1AEECB3D}.Release|Any CPU.ActiveCfg = Release|Any CPU
                {43A3990C-5482-4DEF-A46C-262C1AEECB3D}.Release|Any CPU.Build.0 = Release|Any CPU
        EndGlobalSection
        GlobalSection(NestedProjects) = preSolution
                {049CC971-66F1-41DF-8F46-0FA43C195D54} = {40674C77-EDC5-442D-949D-67D98117373D}
                {43A3990C-5482-4DEF-A46C-262C1AEECB3D} = {40674C77-EDC5-442D-949D-67D98117373D}
        EndGlobalSection
EndGlobal
